
Microsoft Visual Studio Solution File, Format Version 12.00
# Visual Studio Version 17
VisualStudioVersion = 17.3.32811.315
MinimumVisualStudioVersion = 10.0.40219.1
Project("{9A19103F-16F7-4668-BE54-9A1E7A4F7556}") = "Mayflower", "Mayflower.csproj", "{EA27D6F7-8EB4-416E-9ED3-387BEE7EBAA5}"
EndProject
Global
	GlobalSection(SolutionConfigurationPlatforms) = preSolution
		Debug|Any CPU = Debug|Any CPU
		Release|Any CPU = Release|Any CPU
	EndGlobalSection
	GlobalSection(ProjectConfigurationPlatforms) = postSolution
		{EA27D6F7-8EB4-416E-9ED3-387BEE7EBAA5}.Debug|Any CPU.ActiveCfg = Debug|Any CPU
		{EA27D6F7-8EB4-416E-9ED3-387BEE7EBAA5}.Debug|Any CPU.Build.0 = Debug|Any CPU
		{EA27D6F7-8EB4-416E-9ED3-387BEE7EBAA5}.Release|Any CPU.ActiveCfg = Release|Any CPU
		{EA27D6F7-8EB4-416E-9ED3-387BEE7EBAA5}.Release|Any CPU.Build.0 = Release|Any CPU
	EndGlobalSection
	GlobalSection(SolutionProperties) = preSolution
		HideSolutionNode = FALSE
	EndGlobalSection
	GlobalSection(ExtensibilityGlobals) = postSolution
		SolutionGuid = {FDDB02BF-B02D-4FA7-9930-ED94A5A9CC77}
	EndGlobalSection
EndGlobal
